# THIS IS AN AUTOGENERATED FILE. DO NOT EDIT THIS FILE DIRECTLY.
assets/ajax-cart.js.liquid:
  development: 2017-06-01T19:47:27+10:00   5089d437026dde38c1918ea91324d35a
assets/alabama.js:
  development: 2018-03-15T17:20:31+11:00   97d4ae9d9777a0cb478f55607c452434
assets/alabama.min.js:
  development: 2018-03-15T17:20:31+11:00   534170cad3fb0d22e913e33ae5dc60ea
assets/alabama.scss.liquid:
  development: 2018-03-15T21:39:20+11:00   da3141d0ef9a78dd14ef09ccf123eb47
assets/fastclick.min.js:
  development: 2017-06-01T19:47:28+10:00   4c68290ccc4d503561895dff0821621f
assets/gift-card.scss.liquid:
  development: 2017-06-01T19:47:28+10:00   c4d99d6414af35760c5112b609962e87
assets/handlebars.min.js:
  development: 2017-06-01T19:47:28+10:00   b3c11508a224ee83f86e2fc6491e9751
assets/ico-select.svg.liquid:
  development: 2017-06-01T19:47:28+10:00   9c9cc5a57cc74a0a64c2f62b1370a920
assets/icons.eot:
  development: 2017-06-01T19:47:28+10:00   6499aa740322bffbb6e26ebadf450c4a
assets/icons.json:
  development: 2018-01-25T00:04:04+11:00   6f9018585c3e215e29cef8e390091787
assets/icons.svg:
  development: 2017-06-01T19:47:28+10:00   1f568afd815839eae6eb796a52a497a6
assets/icons.ttf:
  development: 2017-06-01T19:47:28+10:00   0678272006d7b08a523ae6973a72d181
assets/icons.woff:
  development: 2017-06-01T19:47:28+10:00   6d64bee3b4d239a6cf6af98045a95954
assets/jquery.jplayer.min.js:
  development: 2017-06-11T20:41:58+10:00   4a332e8b9248f2d7dd45f855570944e8
assets/jquery.jplayer.swf:
  development: 2017-06-11T20:45:19+10:00   afc3359503960bea5d3a476e21c72b42
assets/modernizr.min.js:
  development: 2017-06-01T19:47:29+10:00   dc21cffad945a84cbbe770d52b1a0ded
assets/mute.png:
  development: 2018-01-25T00:20:30+11:00   6ec97b814c51a46133e6732f1a8aef8b
assets/muted.png:
  development: 2018-01-25T00:44:10+11:00   db4eadeabad85d55bfefbb7f70c3c2c0
assets/poster.jpg:
  development: 2017-07-28T23:03:22+10:00   ccde4325a4dc0427696fba37c8c966df
assets/respond-proxy.html:
  development: 2017-06-01T19:47:29+10:00   75002d74a330bff6bf069284da503b4c
assets/respond.min.js:
  development: 2017-06-01T19:47:29+10:00   a2684e9b8fa50d6d11c56a9ada068528
assets/slick.min.js:
  development: 2017-06-23T22:23:03+10:00   b53bdfc29e18f4d493d775a8023fbdc8
assets/timber.js.liquid:
  development: 2017-06-01T20:08:58+10:00   6f444da590ff5ae95cc4f89afbb8b6c4
assets/timber.scss.liquid:
  development: 2017-06-01T19:47:29+10:00   ba59f53b6ce2656fb2abd9eedb901fe2
config/settings_data.json:
  development: 2018-01-25T00:04:06+11:00   316caff7b2afbd834e57e74a00141fb7
config/settings_schema.json:
  development: 2018-03-14T13:28:37+11:00   6f51c8cf649ac01691d369ad26a4cc1f
layout/theme.liquid:
  development: 2018-03-15T17:49:08+11:00   675386b7053ffad0314b7156da01dd99
locales/de.json:
  development: 2018-01-25T00:03:50+11:00   585899bd4424d43afa93b72083a5aa0e
locales/en.default.json:
  development: 2017-06-05T18:02:29+10:00   36979a7ebfbd42f798ca0295830d2028
locales/es.json:
  development: 2018-01-25T00:03:30+11:00   e1095d0bd282d98ace9c18e5973bb6bf
locales/fr.json:
  development: 2018-01-25T00:03:29+11:00   95311e190dd74a4665d004f60dda8ad2
locales/pt-BR.json:
  development: 2018-01-25T00:03:31+11:00   3bc832b43077ef1681f2fe4be3eda8c9
locales/pt-PT.json:
  development: 2018-01-25T00:03:29+11:00   6ddf443592f389ff55aa739569736f47
snippets/ajax-cart-template.liquid:
  development: 2017-06-01T19:47:30+10:00   e6fa15367ab47a164d9dc8e47353c684
snippets/article-grid.liquid:
  development: 2017-07-26T01:23:48+10:00   9b7d6cc9e809f1b3ebf4246f6f69e5ab
snippets/audioplayer.liquid:
  development: 2018-01-25T12:46:52+11:00   1637f4ae17eab2f1dcf185a4d7b63b54
snippets/blog-sidebar.liquid:
  development: 2017-06-01T19:47:30+10:00   ae3891e372509ded7074e50b2a97f438
snippets/breadcrumb.liquid:
  development: 2018-03-15T19:14:50+11:00   a8f441ef55221750cc83293187863e50
snippets/collection-sidebar.liquid:
  development: 2017-06-01T19:47:30+10:00   b53274904cf2b47ce2fb4c3e6d632bb3
snippets/collection-sorting.liquid:
  development: 2017-06-01T19:47:30+10:00   d369d2d4697110800946220909e8ecf8
snippets/comment.liquid:
  development: 2017-06-01T19:47:30+10:00   c766e42be8a74e05533d0e5a0e3a9ce3
snippets/filters.liquid:
  development: 2018-03-15T21:42:20+11:00   e869e398e094bb5767f9631c5aeea380
snippets/footer-cart.liquid:
  development: 2018-03-14T18:31:42+11:00   2ef50318911249f478f47d4bf4c249bb
snippets/footer-social-media.liquid:
  development: 2018-03-15T21:56:59+11:00   62b0e1b44335e6c34126a7734f3ad588
snippets/footer.liquid:
  development: 2018-03-15T21:56:04+11:00   061b921c958ef72ddbe82f25cc5792a9
snippets/grid-item-collection.liquid:
  development: 2018-03-14T22:19:40+11:00   4090e059d9c6609ac7712b5e4efb4c4a
snippets/grid-item-product.liquid:
  development: 2018-03-15T21:33:19+11:00   5d68ae2ef28a6abf20083f199dad01d8
snippets/landing.liquid:
  development: 2018-03-14T18:34:42+11:00   b312e81bdba6788444ba6288511e2768
snippets/loading.liquid:
  development: 2018-03-14T22:09:00+11:00   a5b6689dd76106bf1da639d75d2fe613
snippets/menu.liquid:
  development: 2018-03-15T21:09:40+11:00   179ff7c70668b017f63025f142f0ffac
snippets/nav-promo.liquid:
  development: 2018-03-14T14:54:35+11:00   e5916469b2eee2c5a0703140caf5357d
snippets/nav-subnav.liquid:
  development: 2018-03-15T16:41:48+11:00   0410862afd33befd0befe125dc48ad44
snippets/nav.liquid:
  development: 2018-03-15T20:24:48+11:00   829dc066c307ae44ce8791ac6e4e99de
snippets/newsletter.liquid:
  development: 2017-06-01T22:56:11+10:00   30eee7e28fff09e9f6e6bc045d61f09b
snippets/oldIE-js.liquid:
  development: 2017-06-01T20:36:40+10:00   0cc024700a9246a3e5db298d35de4487
snippets/onboarding-empty-collection.liquid:
  development: 2017-06-01T19:47:30+10:00   b25d81b4ba1c3e279fa58a5aade16b43
snippets/onboarding-featured-collections.liquid:
  development: 2017-06-01T19:47:30+10:00   63d3e42eb5e78f32bdd7d7bb96c2aa81
snippets/onboarding-featured-products.liquid:
  development: 2017-06-01T19:47:30+10:00   6a32fc5786e0f1dc98a1f75897fca8b3
snippets/payments.liquid:
  development: 2017-06-08T23:41:28+10:00   0dd0fcdf112460ad963caa38b8c1446f
snippets/product-grid-item.liquid:
  development: 2017-06-01T19:47:30+10:00   5c056a854988fba46c535845cd5aeba1
snippets/respond.liquid:
  development: 2017-06-01T19:47:30+10:00   ca6abf0635dc2ad8c6bd377f83c79f6b
snippets/scripts.liquid:
  development: 2018-03-12T16:08:09+11:00   4e91772e7a1d2f660919b40ad3c321c4
snippets/search-bar.liquid:
  development: 2017-06-01T20:36:14+10:00   783fe4a34fbacdc11bd9f9623d590f7d
snippets/social-meta-tags.liquid:
  development: 2017-06-01T19:47:30+10:00   e7c97d7cb76c7925dd144dfb7b188cac
snippets/tags-article.liquid:
  development: 2017-06-01T19:47:30+10:00   52bc59a44a51be2f1745559c2ba514a2
templates/404.liquid:
  development: 2018-03-15T19:26:52+11:00   082349e1dccc4e01c11d76e253368144
templates/article.liquid:
  development: 2018-03-14T16:41:18+11:00   18a0df91bad572a76b00423da2f0d6b8
templates/blog.liquid:
  development: 2017-07-26T01:06:35+10:00
templates/cart.liquid:
  development: 2018-03-15T19:37:21+11:00   97853890961e3ce9f0324053b48a11b9
templates/collection.liquid:
  development: 2018-03-15T21:00:30+11:00   54ecd40fa298ce4ffb7538c8f510e852
templates/customers/account.liquid:
  development: 2018-03-14T15:12:01+11:00   ae3fbdf35d1c9910077e792c5db20e24
templates/customers/activate_account.liquid:
  development: 2018-03-14T15:12:00+11:00   6e6795b865b916bcbf0feb8290a1063f
templates/customers/addresses.liquid:
  development: 2018-03-14T15:12:00+11:00   c989eb10195a7ded334c7fbb42592e81
templates/customers/login.liquid:
  development: 2018-03-14T15:12:19+11:00   8ce6dcf305dee85d428d8068ded63416
templates/customers/order.liquid:
  development: 2017-06-03T03:47:37+10:00   609298a7941939fd4071d83d16c0715a
templates/customers/register.liquid:
  development: 2018-03-14T15:12:07+11:00   ad708c4e63894a5eabf016b454ea2eab
templates/customers/reset_password.liquid:
  development: 2017-06-11T20:18:54+10:00   85d4c269c093ba070782fd7fc5dd7058
templates/gift_card.liquid:
  development: 2017-06-01T19:47:30+10:00   c1ae0f8232e003fac57213d1353e513c
templates/index.liquid:
  development: 2018-03-14T14:24:43+11:00   f5d5925b691cb6bcc8f8b41d4fd5ac68
templates/list-collections.liquid:
  development: 2018-03-15T20:01:38+11:00   3a3429b1264d542908c74cf8f7d20951
templates/page.contact.liquid:
  development: 2018-03-14T21:40:12+11:00   da5b049a116d89005f6156ad8acd856b
templates/page.editorials.liquid:
  development: 2018-03-14T21:39:51+11:00   eb57106a5f31f8da45013b58fb842f2f
templates/page.liquid:
  development: 2018-03-14T21:41:30+11:00   222ea4aeea30a996c468003973551b7c
templates/password.liquid:
  development: 2018-03-13T17:52:58+11:00   f03764c2f38007aaea69bd3ec7cfbb96
templates/product.liquid:
  development: 2018-03-15T21:22:37+11:00   417abfe6bfae2e547565ea52c6925e10
templates/product.preorder.liquid:
  development: 2017-08-09T17:07:49+10:00   654eb29f69986c60ae940ee99a21d1f3
templates/search.liquid:
  development: 2017-06-01T19:47:30+10:00   3926b96d4d14c2cd8409e56f7cc6d6e0
